
Microsoft Visual Studio Solution File, Format Version 12.00
# Visual Studio Version 16
VisualStudioVersion = 16.0.31229.75
MinimumVisualStudioVersion = 10.0.40219.1
Project("{FAE04EC0-301F-11D3-BF4B-00C04F79EFBC}") = "SignalRPractice", "SignalRPractice\SignalRPractice.csproj", "{F5E0674F-590A-41A2-9B83-2F2CE426EBD7}"
EndProject
Global
	GlobalSection(SolutionConfigurationPlatforms) = preSolution
		Debug|Any CPU = Debug|Any CPU
		Release|Any CPU = Release|Any CPU
	EndGlobalSection
	GlobalSection(ProjectConfigurationPlatforms) = postSolution
		{F5E0674F-590A-41A2-9B83-2F2CE426EBD7}.Debug|Any CPU.ActiveCfg = Debug|Any CPU
		{F5E0674F-590A-41A2-9B83-2F2CE426EBD7}.Debug|Any CPU.Build.0 = Debug|Any CPU
		{F5E0674F-590A-41A2-9B83-2F2CE426EBD7}.Release|Any CPU.ActiveCfg = Release|Any CPU
		{F5E0674F-590A-41A2-9B83-2F2CE426EBD7}.Release|Any CPU.Build.0 = Release|Any CPU
	EndGlobalSection
	GlobalSection(SolutionProperties) = preSolution
		HideSolutionNode = FALSE
	EndGlobalSection
	GlobalSection(ExtensibilityGlobals) = postSolution
		SolutionGuid = {2C1B5F25-D149-4D4E-A51A-E57BEE66E6CF}
	EndGlobalSection
EndGlobal
