
Microsoft Visual Studio Solution File, Format Version 12.00
# Visual Studio Version 16
VisualStudioVersion = 16.0.32106.194
MinimumVisualStudioVersion = 10.0.40219.1
Project("{FAE04EC0-301F-11D3-BF4B-00C04F79EFBC}") = "SignalRTesting", "SignalRTesting\SignalRTesting.csproj", "{B8FC305D-18C6-4859-88E7-F1DE7A4CB9CE}"
EndProject
Project("{FAE04EC0-301F-11D3-BF4B-00C04F79EFBC}") = "SignalRClient", "SignalRClient\SignalRClient.csproj", "{983BD27E-0CC7-48A9-BFCD-2409AEF8711E}"
EndProject
Global
	GlobalSection(SolutionConfigurationPlatforms) = preSolution
		Debug|Any CPU = Debug|Any CPU
		Release|Any CPU = Release|Any CPU
	EndGlobalSection
	GlobalSection(ProjectConfigurationPlatforms) = postSolution
		{B8FC305D-18C6-4859-88E7-F1DE7A4CB9CE}.Debug|Any CPU.ActiveCfg = Debug|Any CPU
		{B8FC305D-18C6-4859-88E7-F1DE7A4CB9CE}.Debug|Any CPU.Build.0 = Debug|Any CPU
		{B8FC305D-18C6-4859-88E7-F1DE7A4CB9CE}.Release|Any CPU.ActiveCfg = Release|Any CPU
		{B8FC305D-18C6-4859-88E7-F1DE7A4CB9CE}.Release|Any CPU.Build.0 = Release|Any CPU
		{983BD27E-0CC7-48A9-BFCD-2409AEF8711E}.Debug|Any CPU.ActiveCfg = Debug|Any CPU
		{983BD27E-0CC7-48A9-BFCD-2409AEF8711E}.Debug|Any CPU.Build.0 = Debug|Any CPU
		{983BD27E-0CC7-48A9-BFCD-2409AEF8711E}.Release|Any CPU.ActiveCfg = Release|Any CPU
		{983BD27E-0CC7-48A9-BFCD-2409AEF8711E}.Release|Any CPU.Build.0 = Release|Any CPU
	EndGlobalSection
	GlobalSection(SolutionProperties) = preSolution
		HideSolutionNode = FALSE
	EndGlobalSection
	GlobalSection(ExtensibilityGlobals) = postSolution
		SolutionGuid = {EC791979-219B-4037-A3BF-A0A073BD166C}
	EndGlobalSection
EndGlobal
