
Microsoft Visual Studio Solution File, Format Version 12.00
# Visual Studio Version 16
VisualStudioVersion = 16.0.31229.75
MinimumVisualStudioVersion = 10.0.40219.1
Project("{FAE04EC0-301F-11D3-BF4B-00C04F79EFBC}") = "GrpcDemoClient", "GrpcDemoClient\GrpcDemoClient.csproj", "{2F34B05D-0EB9-408A-8333-03C36F7BB8AA}"
EndProject
Global
	GlobalSection(SolutionConfigurationPlatforms) = preSolution
		Debug|Any CPU = Debug|Any CPU
		Release|Any CPU = Release|Any CPU
	EndGlobalSection
	GlobalSection(ProjectConfigurationPlatforms) = postSolution
		{2F34B05D-0EB9-408A-8333-03C36F7BB8AA}.Debug|Any CPU.ActiveCfg = Debug|Any CPU
		{2F34B05D-0EB9-408A-8333-03C36F7BB8AA}.Debug|Any CPU.Build.0 = Debug|Any CPU
		{2F34B05D-0EB9-408A-8333-03C36F7BB8AA}.Release|Any CPU.ActiveCfg = Release|Any CPU
		{2F34B05D-0EB9-408A-8333-03C36F7BB8AA}.Release|Any CPU.Build.0 = Release|Any CPU
	EndGlobalSection
	GlobalSection(SolutionProperties) = preSolution
		HideSolutionNode = FALSE
	EndGlobalSection
	GlobalSection(ExtensibilityGlobals) = postSolution
		SolutionGuid = {62021FF0-46A8-4455-A22E-0914C084C2CE}
	EndGlobalSection
EndGlobal
