
Microsoft Visual Studio Solution File, Format Version 12.00
# Visual Studio Version 16
VisualStudioVersion = 16.0.31229.75
MinimumVisualStudioVersion = 10.0.40219.1
Project("{FAE04EC0-301F-11D3-BF4B-00C04F79EFBC}") = "ConvertExcel", "ConvertExcel\ConvertExcel.csproj", "{A4C85DE4-678F-4EE5-8BFD-48D14E556CC3}"
EndProject
Global
	GlobalSection(SolutionConfigurationPlatforms) = preSolution
		Debug|Any CPU = Debug|Any CPU
		Release|Any CPU = Release|Any CPU
	EndGlobalSection
	GlobalSection(ProjectConfigurationPlatforms) = postSolution
		{A4C85DE4-678F-4EE5-8BFD-48D14E556CC3}.Debug|Any CPU.ActiveCfg = Debug|Any CPU
		{A4C85DE4-678F-4EE5-8BFD-48D14E556CC3}.Debug|Any CPU.Build.0 = Debug|Any CPU
		{A4C85DE4-678F-4EE5-8BFD-48D14E556CC3}.Release|Any CPU.ActiveCfg = Release|Any CPU
		{A4C85DE4-678F-4EE5-8BFD-48D14E556CC3}.Release|Any CPU.Build.0 = Release|Any CPU
	EndGlobalSection
	GlobalSection(SolutionProperties) = preSolution
		HideSolutionNode = FALSE
	EndGlobalSection
	GlobalSection(ExtensibilityGlobals) = postSolution
		SolutionGuid = {AEAC2DBD-9431-48BC-90BC-BC274F98BF32}
	EndGlobalSection
EndGlobal
